
Microsoft Visual Studio Solution File, Format Version 12.00
# Visual Studio Version 16
VisualStudioVersion = 16.0.29411.108
MinimumVisualStudioVersion = 10.0.40219.1
Project("{FAE04EC0-301F-11D3-BF4B-00C04F79EFBC}") = "FitnessHelper", "FitnessHelper.csproj", "{DDE22376-2D24-42DD-A440-7B4A06A1A796}"
EndProject
Global
	GlobalSection(SolutionConfigurationPlatforms) = preSolution
		Debug|Any CPU = Debug|Any CPU
		Release|Any CPU = Release|Any CPU
	EndGlobalSection
	GlobalSection(ProjectConfigurationPlatforms) = postSolution
		{DDE22376-2D24-42DD-A440-7B4A06A1A796}.Debug|Any CPU.ActiveCfg = Debug|Any CPU
		{DDE22376-2D24-42DD-A440-7B4A06A1A796}.Debug|Any CPU.Build.0 = Debug|Any CPU
		{DDE22376-2D24-42DD-A440-7B4A06A1A796}.Release|Any CPU.ActiveCfg = Release|Any CPU
		{DDE22376-2D24-42DD-A440-7B4A06A1A796}.Release|Any CPU.Build.0 = Release|Any CPU
	EndGlobalSection
	GlobalSection(SolutionProperties) = preSolution
		HideSolutionNode = FALSE
	EndGlobalSection
	GlobalSection(ExtensibilityGlobals) = postSolution
		SolutionGuid = {F87B11BD-CFF5-495C-AD88-5764B5CB1D8A}
	EndGlobalSection
EndGlobal
